
Microsoft Visual Studio Solution File, Format Version 12.00
# Visual Studio 14
VisualStudioVersion = 14.0.25123.0
MinimumVisualStudioVersion = 10.0.40219.1
Project("{FAE04EC0-301F-11D3-BF4B-00C04F79EFBC}") = "AppShell", "AppShell\AppShell.csproj", "{A6D93332-D0C3-4066-BE08-1D764592D51F}"
EndProject
Project("{FAE04EC0-301F-11D3-BF4B-00C04F79EFBC}") = "BioContracts", "BioContracts\BioContracts.csproj", "{4CBDB4C3-158B-4ED8-8999-068789A537A0}"
EndProject
Project("{FAE04EC0-301F-11D3-BF4B-00C04F79EFBC}") = "ApplicationEngine", "ApplicationEngine\ApplicationEngine.csproj", "{C93CED6E-C2BE-4907-9462-6743459F5CA6}"
EndProject
Project("{FAE04EC0-301F-11D3-BF4B-00C04F79EFBC}") = "BioCaptureDevices", "BioCaptureDevices\BioCaptureDevices.csproj", "{6F2AD37F-D888-4CE9-9891-B685F1F0E4A9}"
EndProject
Project("{FAE04EC0-301F-11D3-BF4B-00C04F79EFBC}") = "Utils", "Utils\Utils.csproj", "{D930088F-BF3B-4E32-8804-79E307C73FDB}"
EndProject
Global
	GlobalSection(SolutionConfigurationPlatforms) = preSolution
		Debug|Any CPU = Debug|Any CPU
		Debug|x86 = Debug|x86
		Release|Any CPU = Release|Any CPU
		Release|x86 = Release|x86
	EndGlobalSection
	GlobalSection(ProjectConfigurationPlatforms) = postSolution
		{A6D93332-D0C3-4066-BE08-1D764592D51F}.Debug|Any CPU.ActiveCfg = Debug|Any CPU
		{A6D93332-D0C3-4066-BE08-1D764592D51F}.Debug|Any CPU.Build.0 = Debug|Any CPU
		{A6D93332-D0C3-4066-BE08-1D764592D51F}.Debug|x86.ActiveCfg = Debug|Any CPU
		{A6D93332-D0C3-4066-BE08-1D764592D51F}.Debug|x86.Build.0 = Debug|Any CPU
		{A6D93332-D0C3-4066-BE08-1D764592D51F}.Release|Any CPU.ActiveCfg = Release|Any CPU
		{A6D93332-D0C3-4066-BE08-1D764592D51F}.Release|Any CPU.Build.0 = Release|Any CPU
		{A6D93332-D0C3-4066-BE08-1D764592D51F}.Release|x86.ActiveCfg = Release|Any CPU
		{A6D93332-D0C3-4066-BE08-1D764592D51F}.Release|x86.Build.0 = Release|Any CPU
		{4CBDB4C3-158B-4ED8-8999-068789A537A0}.Debug|Any CPU.ActiveCfg = Debug|Any CPU
		{4CBDB4C3-158B-4ED8-8999-068789A537A0}.Debug|Any CPU.Build.0 = Debug|Any CPU
		{4CBDB4C3-158B-4ED8-8999-068789A537A0}.Debug|x86.ActiveCfg = Debug|Any CPU
		{4CBDB4C3-158B-4ED8-8999-068789A537A0}.Debug|x86.Build.0 = Debug|Any CPU
		{4CBDB4C3-158B-4ED8-8999-068789A537A0}.Release|Any CPU.ActiveCfg = Release|Any CPU
		{4CBDB4C3-158B-4ED8-8999-068789A537A0}.Release|Any CPU.Build.0 = Release|Any CPU
		{4CBDB4C3-158B-4ED8-8999-068789A537A0}.Release|x86.ActiveCfg = Release|Any CPU
		{4CBDB4C3-158B-4ED8-8999-068789A537A0}.Release|x86.Build.0 = Release|Any CPU
		{C93CED6E-C2BE-4907-9462-6743459F5CA6}.Debug|Any CPU.ActiveCfg = Debug|Any CPU
		{C93CED6E-C2BE-4907-9462-6743459F5CA6}.Debug|Any CPU.Build.0 = Debug|Any CPU
		{C93CED6E-C2BE-4907-9462-6743459F5CA6}.Debug|x86.ActiveCfg = Debug|Any CPU
		{C93CED6E-C2BE-4907-9462-6743459F5CA6}.Debug|x86.Build.0 = Debug|Any CPU
		{C93CED6E-C2BE-4907-9462-6743459F5CA6}.Release|Any CPU.ActiveCfg = Release|Any CPU
		{C93CED6E-C2BE-4907-9462-6743459F5CA6}.Release|Any CPU.Build.0 = Release|Any CPU
		{C93CED6E-C2BE-4907-9462-6743459F5CA6}.Release|x86.ActiveCfg = Release|Any CPU
		{C93CED6E-C2BE-4907-9462-6743459F5CA6}.Release|x86.Build.0 = Release|Any CPU
		{6F2AD37F-D888-4CE9-9891-B685F1F0E4A9}.Debug|Any CPU.ActiveCfg = Debug|Any CPU
		{6F2AD37F-D888-4CE9-9891-B685F1F0E4A9}.Debug|Any CPU.Build.0 = Debug|Any CPU
		{6F2AD37F-D888-4CE9-9891-B685F1F0E4A9}.Debug|x86.ActiveCfg = Debug|x86
		{6F2AD37F-D888-4CE9-9891-B685F1F0E4A9}.Debug|x86.Build.0 = Debug|x86
		{6F2AD37F-D888-4CE9-9891-B685F1F0E4A9}.Release|Any CPU.ActiveCfg = Release|Any CPU
		{6F2AD37F-D888-4CE9-9891-B685F1F0E4A9}.Release|Any CPU.Build.0 = Release|Any CPU
		{6F2AD37F-D888-4CE9-9891-B685F1F0E4A9}.Release|x86.ActiveCfg = Release|x86
		{6F2AD37F-D888-4CE9-9891-B685F1F0E4A9}.Release|x86.Build.0 = Release|x86
		{D930088F-BF3B-4E32-8804-79E307C73FDB}.Debug|Any CPU.ActiveCfg = Debug|Any CPU
		{D930088F-BF3B-4E32-8804-79E307C73FDB}.Debug|Any CPU.Build.0 = Debug|Any CPU
		{D930088F-BF3B-4E32-8804-79E307C73FDB}.Debug|x86.ActiveCfg = Debug|Any CPU
		{D930088F-BF3B-4E32-8804-79E307C73FDB}.Debug|x86.Build.0 = Debug|Any CPU
		{D930088F-BF3B-4E32-8804-79E307C73FDB}.Release|Any CPU.ActiveCfg = Release|Any CPU
		{D930088F-BF3B-4E32-8804-79E307C73FDB}.Release|Any CPU.Build.0 = Release|Any CPU
		{D930088F-BF3B-4E32-8804-79E307C73FDB}.Release|x86.ActiveCfg = Release|Any CPU
		{D930088F-BF3B-4E32-8804-79E307C73FDB}.Release|x86.Build.0 = Release|Any CPU
	EndGlobalSection
	GlobalSection(SolutionProperties) = preSolution
		HideSolutionNode = FALSE
	EndGlobalSection
EndGlobal
